// !$*UTF8*$!
{
	archiveVersion = 1;
	classes = {
	};
	objectVersion = 77;
	objects = {

/* Begin PBXBuildFile section */
		27A1953B2F9B1E18002C3910 /* Assets.xcassets in Resources */ = {isa = PBXBuildFile; fileRef = 27A195152F9B1E18002C3910 /* Assets.xcassets */; };
		27A1953C2F9B1E18002C3910 /* ShareSheet.swift in Sources */ = {isa = PBXBuildFile; fileRef = 27A1952F2F9B1E18002C3910 /* ShareSheet.swift */; };
		27A1953D2F9B1E18002C3910 /* EngineConfig.swift in Sources */ = {isa = PBXBuildFile; fileRef = 27A1951F2F9B1E18002C3910 /* EngineConfig.swift */; };
		27A1953E2F9B1E18002C3910 /* TestDistanceMode.swift in Sources */ = {isa = PBXBuildFile; fileRef = 27A195322F9B1E18002C3910 /* TestDistanceMode.swift */; };
		27A1953F2F9B1E18002C3910 /* ResultView.swift in Sources */ = {isa = PBXBuildFile; fileRef = 27A1952D2F9B1E18002C3910 /* ResultView.swift */; };
		27A195402F9B1E18002C3910 /* EyeAdioManager.swift in Sources */ = {isa = PBXBuildFile; fileRef = 27A195212F9B1E18002C3910 /* EyeAdioManager.swift */; };
		27A195412F9B1E18002C3910 /* EyevoIDManager.swift in Sources */ = {isa = PBXBuildFile; fileRef = 27A195232F9B1E18002C3910 /* EyevoIDManager.swift */; };
		27A195422F9B1E18002C3910 /* DirectionalInputPad.swift in Sources */ = {isa = PBXBuildFile; fileRef = 27A1951C2F9B1E18002C3910 /* DirectionalInputPad.swift */; };
		27A195432F9B1E18002C3910 /* OptotypeView.swift in Sources */ = {isa = PBXBuildFile; fileRef = 27A1952A2F9B1E18002C3910 /* OptotypeView.swift */; };
		27A195442F9B1E18002C3910 /* WelcomeView.swift in Sources */ = {isa = PBXBuildFile; fileRef = 27A195392F9B1E18002C3910 /* WelcomeView.swift */; };
		27A195452F9B1E18002C3910 /* EyevoCalibrationView.swift in Sources */ = {isa = PBXBuildFile; fileRef = 27A195222F9B1E18002C3910 /* EyevoCalibrationView.swift */; };
		27A195462F9B1E18002C3910 /* DirectionButtonGrid.swift in Sources */ = {isa = PBXBuildFile; fileRef = 27A1951D2F9B1E18002C3910 /* DirectionButtonGrid.swift */; };
		27A195472F9B1E18002C3910 /* EyevoIDStore.swift in Sources */ = {isa = PBXBuildFile; fileRef = 27A195242F9B1E18002C3910 /* EyevoIDStore.swift */; };
		27A195482F9B1E18002C3910 /* AdaptiveAlgorithm.swift in Sources */ = {isa = PBXBuildFile; fileRef = 27A195182F9B1E18002C3910 /* AdaptiveAlgorithm.swift */; };
		27A195492F9B1E18002C3910 /* CalibrationStore.swift in Sources */ = {isa = PBXBuildFile; fileRef = 27A1951A2F9B1E18002C3910 /* CalibrationStore.swift */; };
		27A1954A2F9B1E18002C3910 /* VisionTestView.swift in Sources */ = {isa = PBXBuildFile; fileRef = 27A195372F9B1E18002C3910 /* VisionTestView.swift */; };
		27A1954B2F9B1E18002C3910 /* ArrowOptotypeView.swift in Sources */ = {isa = PBXBuildFile; fileRef = 27A195192F9B1E18002C3910 /* ArrowOptotypeView.swift */; };
		27A1954C2F9B1E18002C3910 /* ResultStore.swift in Sources */ = {isa = PBXBuildFile; fileRef = 27A1952C2F9B1E18002C3910 /* ResultStore.swift */; };
		27A1954D2F9B1E18002C3910 /* VisionResultRecord.swift in Sources */ = {isa = PBXBuildFile; fileRef = 27A195342F9B1E18002C3910 /* VisionResultRecord.swift */; };
		27A1954E2F9B1E18002C3910 /* Eye.swift in Sources */ = {isa = PBXBuildFile; fileRef = 27A195202F9B1E18002C3910 /* Eye.swift */; };
		27A1954F2F9B1E18002C3910 /* StaircaseAlgorithm.swift in Sources */ = {isa = PBXBuildFile; fileRef = 27A195302F9B1E18002C3910 /* StaircaseAlgorithm.swift */; };
		27A195502F9B1E18002C3910 /* VisionTestSession.swift in Sources */ = {isa = PBXBuildFile; fileRef = 27A195362F9B1E18002C3910 /* VisionTestSession.swift */; };
		27A195512F9B1E18002C3910 /* VisionCoreModels.swift in Sources */ = {isa = PBXBuildFile; fileRef = 27A195332F9B1E18002C3910 /* VisionCoreModels.swift */; };
		27A195522F9B1E18002C3910 /* EYEVOApp.swift in Sources */ = {isa = PBXBuildFile; fileRef = 27A195162F9B1E18002C3910 /* EYEVOApp.swift */; };
		27A195532F9B1E18002C3910 /* LandoltCView.swift in Sources */ = {isa = PBXBuildFile; fileRef = 27A195262F9B1E18002C3910 /* LandoltCView.swift */; };
		27A195542F9B1E18002C3910 /* OptotypeSizing.swift in Sources */ = {isa = PBXBuildFile; fileRef = 27A195292F9B1E18002C3910 /* OptotypeSizing.swift */; };
		27A195552F9B1E18002C3910 /* DistanceEnforcementView.swift in Sources */ = {isa = PBXBuildFile; fileRef = 27A1951E2F9B1E18002C3910 /* DistanceEnforcementView.swift */; };
		27A195562F9B1E18002C3910 /* NotSureButton.swift in Sources */ = {isa = PBXBuildFile; fileRef = 27A195272F9B1E18002C3910 /* NotSureButton.swift */; };
		27A195572F9B1E18002C3910 /* ResultsHistoryView.swift in Sources */ = {isa = PBXBuildFile; fileRef = 27A1952B2F9B1E18002C3910 /* ResultsHistoryView.swift */; };
		27A195582F9B1E18002C3910 /* Stimulus.swift in Sources */ = {isa = PBXBuildFile; fileRef = 27A195312F9B1E18002C3910 /* Stimulus.swift */; };
		27A195592F9B1E18002C3910 /* LandoltCShape.swift in Sources */ = {isa = PBXBuildFile; fileRef = 27A195252F9B1E18002C3910 /* LandoltCShape.swift */; };
		27A1955A2F9B1E18002C3910 /* ConfidenceBar.swift in Sources */ = {isa = PBXBuildFile; fileRef = 27A1951B2F9B1E18002C3910 /* ConfidenceBar.swift */; };
		27A1955B2F9B1E18002C3910 /* OptotypeMode.swift in Sources */ = {isa = PBXBuildFile; fileRef = 27A195282F9B1E18002C3910 /* OptotypeMode.swift */; };
		27A1955C2F9B1E18002C3910 /* VisionTestEngine.swift in Sources */ = {isa = PBXBuildFile; fileRef = 27A195352F9B1E18002C3910 /* VisionTestEngine.swift */; };
		27A1955D2F9B1E18002C3910 /* RootFlowView.swift in Sources */ = {isa = PBXBuildFile; fileRef = 27A1952E2F9B1E18002C3910 /* RootFlowView.swift */; };
		27A1955E2F9B1E18002C3910 /* VisionTestViewModel.swift in Sources */ = {isa = PBXBuildFile; fileRef = 27A195382F9B1E18002C3910 /* VisionTestViewModel.swift */; };
/* End PBXBuildFile section */

/* Begin PBXFileReference section */
		2780AE242F28571F00102076 /* EYEVO.app */ = {isa = PBXFileReference; explicitFileType = wrapper.application; includeInIndex = 0; path = EYEVO.app; sourceTree = BUILT_PRODUCTS_DIR; };
		27A195152F9B1E18002C3910 /* Assets.xcassets */ = {isa = PBXFileReference; lastKnownFileType = folder.assetcatalog; path = Assets.xcassets; sourceTree = "<group>"; };
		27A195162F9B1E18002C3910 /* EYEVOApp.swift */ = {isa = PBXFileReference; lastKnownFileType = sourcecode.swift; path = EYEVOApp.swift; sourceTree = "<group>"; };
		27A195182F9B1E18002C3910 /* AdaptiveAlgorithm.swift */ = {isa = PBXFileReference; lastKnownFileType = sourcecode.swift; path = AdaptiveAlgorithm.swift; sourceTree = "<group>"; };
		27A195192F9B1E18002C3910 /* ArrowOptotypeView.swift */ = {isa = PBXFileReference; lastKnownFileType = sourcecode.swift; path = ArrowOptotypeView.swift; sourceTree = "<group>"; };
		27A1951A2F9B1E18002C3910 /* CalibrationStore.swift */ = {isa = PBXFileReference; lastKnownFileType = sourcecode.swift; path = CalibrationStore.swift; sourceTree = "<group>"; };
		27A1951B2F9B1E18002C3910 /* ConfidenceBar.swift */ = {isa = PBXFileReference; lastKnownFileType = sourcecode.swift; path = ConfidenceBar.swift; sourceTree = "<group>"; };
		27A1951C2F9B1E18002C3910 /* DirectionalInputPad.swift */ = {isa = PBXFileReference; lastKnownFileType = sourcecode.swift; path = DirectionalInputPad.swift; sourceTree = "<group>"; };
		27A1951D2F9B1E18002C3910 /* DirectionButtonGrid.swift */ = {isa = PBXFileReference; lastKnownFileType = sourcecode.swift; path = DirectionButtonGrid.swift; sourceTree = "<group>"; };
		27A1951E2F9B1E18002C3910 /* DistanceEnforcementView.swift */ = {isa = PBXFileReference; lastKnownFileType = sourcecode.swift; path = DistanceEnforcementView.swift; sourceTree = "<group>"; };
		27A1951F2F9B1E18002C3910 /* EngineConfig.swift */ = {isa = PBXFileReference; lastKnownFileType = sourcecode.swift; path = EngineConfig.swift; sourceTree = "<group>"; };
		27A195202F9B1E18002C3910 /* Eye.swift */ = {isa = PBXFileReference; lastKnownFileType = sourcecode.swift; path = Eye.swift; sourceTree = "<group>"; };
		27A195212F9B1E18002C3910 /* EyeAdioManager.swift */ = {isa = PBXFileReference; lastKnownFileType = sourcecode.swift; path = EyeAdioManager.swift; sourceTree = "<group>"; };
		27A195222F9B1E18002C3910 /* EyevoCalibrationView.swift */ = {isa = PBXFileReference; lastKnownFileType = sourcecode.swift; path = EyevoCalibrationView.swift; sourceTree = "<group>"; };
		27A195232F9B1E18002C3910 /* EyevoIDManager.swift */ = {isa = PBXFileReference; lastKnownFileType = sourcecode.swift; path = EyevoIDManager.swift; sourceTree = "<group>"; };
		27A195242F9B1E18002C3910 /* EyevoIDStore.swift */ = {isa = PBXFileReference; lastKnownFileType = sourcecode.swift; path = EyevoIDStore.swift; sourceTree = "<group>"; };
		27A195252F9B1E18002C3910 /* LandoltCShape.swift */ = {isa = PBXFileReference; lastKnownFileType = sourcecode.swift; path = LandoltCShape.swift; sourceTree = "<group>"; };
		27A195262F9B1E18002C3910 /* LandoltCView.swift */ = {isa = PBXFileReference; lastKnownFileType = sourcecode.swift; path = LandoltCView.swift; sourceTree = "<group>"; };
		27A195272F9B1E18002C3910 /* NotSureButton.swift */ = {isa = PBXFileReference; lastKnownFileType = sourcecode.swift; path = NotSureButton.swift; sourceTree = "<group>"; };
		27A195282F9B1E18002C3910 /* OptotypeMode.swift */ = {isa = PBXFileReference; lastKnownFileType = sourcecode.swift; path = OptotypeMode.swift; sourceTree = "<group>"; };
		27A195292F9B1E18002C3910 /* OptotypeSizing.swift */ = {isa = PBXFileReference; lastKnownFileType = sourcecode.swift; path = OptotypeSizing.swift; sourceTree = "<group>"; };
		27A1952A2F9B1E18002C3910 /* OptotypeView.swift */ = {isa = PBXFileReference; lastKnownFileType = sourcecode.swift; path = OptotypeView.swift; sourceTree = "<group>"; };
		27A1952B2F9B1E18002C3910 /* ResultsHistoryView.swift */ = {isa = PBXFileReference; lastKnownFileType = sourcecode.swift; path = ResultsHistoryView.swift; sourceTree = "<group>"; };
		27A1952C2F9B1E18002C3910 /* ResultStore.swift */ = {isa = PBXFileReference; lastKnownFileType = sourcecode.swift; path = ResultStore.swift; sourceTree = "<group>"; };
		27A1952D2F9B1E18002C3910 /* ResultView.swift */ = {isa = PBXFileReference; lastKnownFileType = sourcecode.swift; path = ResultView.swift; sourceTree = "<group>"; };
		27A1952E2F9B1E18002C3910 /* RootFlowView.swift */ = {isa = PBXFileReference; lastKnownFileType = sourcecode.swift; path = RootFlowView.swift; sourceTree = "<group>"; };
		27A1952F2F9B1E18002C3910 /* ShareSheet.swift */ = {isa = PBXFileReference; lastKnownFileType = sourcecode.swift; path = ShareSheet.swift; sourceTree = "<group>"; };
		27A195302F9B1E18002C3910 /* StaircaseAlgorithm.swift */ = {isa = PBXFileReference; lastKnownFileType = sourcecode.swift; path = StaircaseAlgorithm.swift; sourceTree = "<group>"; };
		27A195312F9B1E18002C3910 /* Stimulus.swift */ = {isa = PBXFileReference; lastKnownFileType = sourcecode.swift; path = Stimulus.swift; sourceTree = "<group>"; };
		27A195322F9B1E18002C3910 /* TestDistanceMode.swift */ = {isa = PBXFileReference; lastKnownFileType = sourcecode.swift; path = TestDistanceMode.swift; sourceTree = "<group>"; };
		27A195332F9B1E18002C3910 /* VisionCoreModels.swift */ = {isa = PBXFileReference; lastKnownFileType = sourcecode.swift; path = VisionCoreModels.swift; sourceTree = "<group>"; };
		27A195342F9B1E18002C3910 /* VisionResultRecord.swift */ = {isa = PBXFileReference; lastKnownFileType = sourcecode.swift; path = VisionResultRecord.swift; sourceTree = "<group>"; };
		27A195352F9B1E18002C3910 /* VisionTestEngine.swift */ = {isa = PBXFileReference; lastKnownFileType = sourcecode.swift; path = VisionTestEngine.swift; sourceTree = "<group>"; };
		27A195362F9B1E18002C3910 /* VisionTestSession.swift */ = {isa = PBXFileReference; lastKnownFileType = sourcecode.swift; path = VisionTestSession.swift; sourceTree = "<group>"; };
		27A195372F9B1E18002C3910 /* VisionTestView.swift */ = {isa = PBXFileReference; lastKnownFileType = sourcecode.swift; path = VisionTestView.swift; sourceTree = "<group>"; };
		27A195382F9B1E18002C3910 /* VisionTestViewModel.swift */ = {isa = PBXFileReference; lastKnownFileType = sourcecode.swift; path = VisionTestViewModel.swift; sourceTree = "<group>"; };
		27A195392F9B1E18002C3910 /* WelcomeView.swift */ = {isa = PBXFileReference; lastKnownFileType = sourcecode.swift; path = WelcomeView.swift; sourceTree = "<group>"; };
		27A1955F2F9D68EC002C3910 /* EYEVO-Info.plist */ = {isa = PBXFileReference; lastKnownFileType = text.plist; path = "EYEVO-Info.plist"; sourceTree = "<group>"; };
/* End PBXFileReference section */

/* Begin PBXFrameworksBuildPhase section */
		27210C8B2F1887FC002E1091 /* Frameworks */ = {
			isa = PBXFrameworksBuildPhase;
			buildActionMask = 2147483647;
			files = (
			);
			runOnlyForDeploymentPostprocessing = 0;
		};
/* End PBXFrameworksBuildPhase section */

/* Begin PBXGroup section */
		27210C852F1887FC002E1091 = {
			isa = PBXGroup;
			children = (
				27A1955F2F9D68EC002C3910 /* EYEVO-Info.plist */,
				27A1953A2F9B1E18002C3910 /* EYEVO-V2 */,
				27210C8F2F1887FC002E1091 /* Products */,
			);
			sourceTree = "<group>";
		};
		27210C8F2F1887FC002E1091 /* Products */ = {
			isa = PBXGroup;
			children = (
				2780AE242F28571F00102076 /* EYEVO.app */,
			);
			name = Products;
			sourceTree = "<group>";
		};
		27A195172F9B1E18002C3910 /* EYEVO */ = {
			isa = PBXGroup;
			children = (
				27A195152F9B1E18002C3910 /* Assets.xcassets */,
				27A195162F9B1E18002C3910 /* EYEVOApp.swift */,
			);
			path = EYEVO;
			sourceTree = "<group>";
		};
		27A1953A2F9B1E18002C3910 /* EYEVO-V2 */ = {
			isa = PBXGroup;
			children = (
				27A195172F9B1E18002C3910 /* EYEVO */,
				27A195182F9B1E18002C3910 /* AdaptiveAlgorithm.swift */,
				27A195192F9B1E18002C3910 /* ArrowOptotypeView.swift */,
				27A1951A2F9B1E18002C3910 /* CalibrationStore.swift */,
				27A1951B2F9B1E18002C3910 /* ConfidenceBar.swift */,
				27A1951C2F9B1E18002C3910 /* DirectionalInputPad.swift */,
				27A1951D2F9B1E18002C3910 /* DirectionButtonGrid.swift */,
				27A1951E2F9B1E18002C3910 /* DistanceEnforcementView.swift */,
				27A1951F2F9B1E18002C3910 /* EngineConfig.swift */,
				27A195202F9B1E18002C3910 /* Eye.swift */,
				27A195212F9B1E18002C3910 /* EyeAdioManager.swift */,
				27A195222F9B1E18002C3910 /* EyevoCalibrationView.swift */,
				27A195232F9B1E18002C3910 /* EyevoIDManager.swift */,
				27A195242F9B1E18002C3910 /* EyevoIDStore.swift */,
				27A195252F9B1E18002C3910 /* LandoltCShape.swift */,
				27A195262F9B1E18002C3910 /* LandoltCView.swift */,
				27A195272F9B1E18002C3910 /* NotSureButton.swift */,
				27A195282F9B1E18002C3910 /* OptotypeMode.swift */,
				27A195292F9B1E18002C3910 /* OptotypeSizing.swift */,
				27A1952A2F9B1E18002C3910 /* OptotypeView.swift */,
				27A1952B2F9B1E18002C3910 /* ResultsHistoryView.swift */,
				27A1952C2F9B1E18002C3910 /* ResultStore.swift */,
				27A1952D2F9B1E18002C3910 /* ResultView.swift */,
				27A1952E2F9B1E18002C3910 /* RootFlowView.swift */,
				27A1952F2F9B1E18002C3910 /* ShareSheet.swift */,
				27A195302F9B1E18002C3910 /* StaircaseAlgorithm.swift */,
				27A195312F9B1E18002C3910 /* Stimulus.swift */,
				27A195322F9B1E18002C3910 /* TestDistanceMode.swift */,
				27A195332F9B1E18002C3910 /* VisionCoreModels.swift */,
				27A195342F9B1E18002C3910 /* VisionResultRecord.swift */,
				27A195352F9B1E18002C3910 /* VisionTestEngine.swift */,
				27A195362F9B1E18002C3910 /* VisionTestSession.swift */,
				27A195372F9B1E18002C3910 /* VisionTestView.swift */,
				27A195382F9B1E18002C3910 /* VisionTestViewModel.swift */,
				27A195392F9B1E18002C3910 /* WelcomeView.swift */,
			);
			path = "EYEVO-V2";
			sourceTree = "<group>";
		};
/* End PBXGroup section */

/* Begin PBXNativeTarget section */
		27210C8D2F1887FC002E1091 /* EYEVO */ = {
			isa = PBXNativeTarget;
			buildConfigurationList = 27210C992F188804002E1091 /* Build configuration list for PBXNativeTarget "EYEVO" */;
			buildPhases = (
				27210C8A2F1887FC002E1091 /* Sources */,
				27210C8B2F1887FC002E1091 /* Frameworks */,
				27210C8C2F1887FC002E1091 /* Resources */,
			);
			buildRules = (
			);
			dependencies = (
			);
			name = EYEVO;
			packageProductDependencies = (
			);
			productName = EYEVO;
			productReference = 2780AE242F28571F00102076 /* EYEVO.app */;
			productType = "com.apple.product-type.application";
		};
/* End PBXNativeTarget section */

/* Begin PBXProject section */
		27210C862F1887FC002E1091 /* Project object */ = {
			isa = PBXProject;
			attributes = {
				BuildIndependentTargetsInParallel = 1;
				LastSwiftUpdateCheck = 2620;
				LastUpgradeCheck = 2620;
				TargetAttributes = {
					27210C8D2F1887FC002E1091 = {
						CreatedOnToolsVersion = 26.2;
					};
				};
			};
			buildConfigurationList = 27210C892F1887FC002E1091 /* Build configuration list for PBXProject "EYEVO" */;
			developmentRegion = en;
			hasScannedForEncodings = 0;
			knownRegions = (
				en,
				Base,
			);
			mainGroup = 27210C852F1887FC002E1091;
			minimizedProjectReferenceProxies = 1;
			preferredProjectObjectVersion = 77;
			productRefGroup = 27210C8F2F1887FC002E1091 /* Products */;
			projectDirPath = "";
			projectRoot = "";
			targets = (
				27210C8D2F1887FC002E1091 /* EYEVO */,
			);
		};
/* End PBXProject section */

/* Begin PBXResourcesBuildPhase section */
		27210C8C2F1887FC002E1091 /* Resources */ = {
			isa = PBXResourcesBuildPhase;
			buildActionMask = 2147483647;
			files = (
				27A1953B2F9B1E18002C3910 /* Assets.xcassets in Resources */,
			);
			runOnlyForDeploymentPostprocessing = 0;
		};
/* End PBXResourcesBuildPhase section */

/* Begin PBXSourcesBuildPhase section */
		27210C8A2F1887FC002E1091 /* Sources */ = {
			isa = PBXSourcesBuildPhase;
			buildActionMask = 2147483647;
			files = (
				27A1953C2F9B1E18002C3910 /* ShareSheet.swift in Sources */,
				27A1953D2F9B1E18002C3910 /* EngineConfig.swift in Sources */,
				27A1953E2F9B1E18002C3910 /* TestDistanceMode.swift in Sources */,
				27A1953F2F9B1E18002C3910 /* ResultView.swift in Sources */,
				27A195402F9B1E18002C3910 /* EyeAdioManager.swift in Sources */,
				27A195412F9B1E18002C3910 /* EyevoIDManager.swift in Sources */,
				27A195422F9B1E18002C3910 /* DirectionalInputPad.swift in Sources */,
				27A195432F9B1E18002C3910 /* OptotypeView.swift in Sources */,
				27A195442F9B1E18002C3910 /* WelcomeView.swift in Sources */,
				27A195452F9B1E18002C3910 /* EyevoCalibrationView.swift in Sources */,
				27A195462F9B1E18002C3910 /* DirectionButtonGrid.swift in Sources */,
				27A195472F9B1E18002C3910 /* EyevoIDStore.swift in Sources */,
				27A195482F9B1E18002C3910 /* AdaptiveAlgorithm.swift in Sources */,
				27A195492F9B1E18002C3910 /* CalibrationStore.swift in Sources */,
				27A1954A2F9B1E18002C3910 /* VisionTestView.swift in Sources */,
				27A1954B2F9B1E18002C3910 /* ArrowOptotypeView.swift in Sources */,
				27A1954C2F9B1E18002C3910 /* ResultStore.swift in Sources */,
				27A1954D2F9B1E18002C3910 /* VisionResultRecord.swift in Sources */,
				27A1954E2F9B1E18002C3910 /* Eye.swift in Sources */,
				27A1954F2F9B1E18002C3910 /* StaircaseAlgorithm.swift in Sources */,
				27A195502F9B1E18002C3910 /* VisionTestSession.swift in Sources */,
				27A195512F9B1E18002C3910 /* VisionCoreModels.swift in Sources */,
				27A195522F9B1E18002C3910 /* EYEVOApp.swift in Sources */,
				27A195532F9B1E18002C3910 /* LandoltCView.swift in Sources */,
				27A195542F9B1E18002C3910 /* OptotypeSizing.swift in Sources */,
				27A195552F9B1E18002C3910 /* DistanceEnforcementView.swift in Sources */,
				27A195562F9B1E18002C3910 /* NotSureButton.swift in Sources */,
				27A195572F9B1E18002C3910 /* ResultsHistoryView.swift in Sources */,
				27A195582F9B1E18002C3910 /* Stimulus.swift in Sources */,
				27A195592F9B1E18002C3910 /* LandoltCShape.swift in Sources */,
				27A1955A2F9B1E18002C3910 /* ConfidenceBar.swift in Sources */,
				27A1955B2F9B1E18002C3910 /* OptotypeMode.swift in Sources */,
				27A1955C2F9B1E18002C3910 /* VisionTestEngine.swift in Sources */,
				27A1955D2F9B1E18002C3910 /* RootFlowView.swift in Sources */,
				27A1955E2F9B1E18002C3910 /* VisionTestViewModel.swift in Sources */,
			);
			runOnlyForDeploymentPostprocessing = 0;
		};
/* End PBXSourcesBuildPhase section */

/* Begin XCBuildConfiguration section */
		27210C972F188804002E1091 /* Debug */ = {
			isa = XCBuildConfiguration;
			buildSettings = {
				ALWAYS_SEARCH_USER_PATHS = NO;
				ASSETCATALOG_COMPILER_GENERATE_SWIFT_ASSET_SYMBOL_EXTENSIONS = YES;
				CLANG_ANALYZER_NONNULL = YES;
				CLANG_ANALYZER_NUMBER_OBJECT_CONVERSION = YES_AGGRESSIVE;
				CLANG_CXX_LANGUAGE_STANDARD = "gnu++20";
				CLANG_ENABLE_MODULES = YES;
				CLANG_ENABLE_OBJC_ARC = YES;
				CLANG_ENABLE_OBJC_WEAK = YES;
				CLANG_WARN_BLOCK_CAPTURE_AUTORELEASING = YES;
				CLANG_WARN_BOOL_CONVERSION = YES;
				CLANG_WARN_COMMA = YES;
				CLANG_WARN_CONSTANT_CONVERSION = YES;
				CLANG_WARN_DEPRECATED_OBJC_IMPLEMENTATIONS = YES;
				CLANG_WARN_DIRECT_OBJC_ISA_USAGE = YES_ERROR;
				CLANG_WARN_DOCUMENTATION_COMMENTS = YES;
				CLANG_WARN_EMPTY_BODY = YES;
				CLANG_WARN_ENUM_CONVERSION = YES;
				CLANG_WARN_INFINITE_RECURSION = YES;
				CLANG_WARN_INT_CONVERSION = YES;
				CLANG_WARN_NON_LITERAL_NULL_CONVERSION = YES;
				CLANG_WARN_OBJC_IMPLICIT_RETAIN_SELF = YES;
				CLANG_WARN_OBJC_LITERAL_CONVERSION = YES;
				CLANG_WARN_OBJC_ROOT_CLASS = YES_ERROR;
				CLANG_WARN_QUOTED_INCLUDE_IN_FRAMEWORK_HEADER = YES;
				CLANG_WARN_RANGE_LOOP_ANALYSIS = YES;
				CLANG_WARN_STRICT_PROTOTYPES = YES;
				CLANG_WARN_SUSPICIOUS_MOVE = YES;
				CLANG_WARN_UNGUARDED_AVAILABILITY = YES_AGGRESSIVE;
				CLANG_WARN_UNREACHABLE_CODE = YES;
				CLANG_WARN__DUPLICATE_METHOD_MATCH = YES;
				COPY_PHASE_STRIP = NO;
				DEBUG_INFORMATION_FORMAT = dwarf;
				ENABLE_STRICT_OBJC_MSGSEND = YES;
				ENABLE_TESTABILITY = YES;
				ENABLE_USER_SCRIPT_SANDBOXING = YES;
				GCC_C_LANGUAGE_STANDARD = gnu17;
				GCC_DYNAMIC_NO_PIC = NO;
				GCC_NO_COMMON_BLOCKS = YES;
				GCC_OPTIMIZATION_LEVEL = 0;
				GCC_PREPROCESSOR_DEFINITIONS = (
					"DEBUG=1",
					"$(inherited)",
				);
				GCC_WARN_64_TO_32_BIT_CONVERSION = YES;
				GCC_WARN_ABOUT_RETURN_TYPE = YES_ERROR;
				GCC_WARN_UNDECLARED_SELECTOR = YES;
				GCC_WARN_UNINITIALIZED_AUTOS = YES_AGGRESSIVE;
				GCC_WARN_UNUSED_FUNCTION = YES;
				GCC_WARN_UNUSED_VARIABLE = YES;
				LOCALIZATION_PREFERS_STRING_CATALOGS = YES;
				MACOSX_DEPLOYMENT_TARGET = 15.7;
				MTL_ENABLE_DEBUG_INFO = INCLUDE_SOURCE;
				MTL_FAST_MATH = YES;
				ONLY_ACTIVE_ARCH = YES;
				SDKROOT = macosx;
				SWIFT_ACTIVE_COMPILATION_CONDITIONS = "DEBUG $(inherited)";
				SWIFT_OPTIMIZATION_LEVEL = "-Onone";
			};
			name = Debug;
		};
		27210C982F188804002E1091 /* Release */ = {
			isa = XCBuildConfiguration;
			buildSettings = {
				ALWAYS_SEARCH_USER_PATHS = NO;
				ASSETCATALOG_COMPILER_GENERATE_SWIFT_ASSET_SYMBOL_EXTENSIONS = YES;
				CLANG_ANALYZER_NONNULL = YES;
				CLANG_ANALYZER_NUMBER_OBJECT_CONVERSION = YES_AGGRESSIVE;
				CLANG_CXX_LANGUAGE_STANDARD = "gnu++20";
				CLANG_ENABLE_MODULES = YES;
				CLANG_ENABLE_OBJC_ARC = YES;
				CLANG_ENABLE_OBJC_WEAK = YES;
				CLANG_WARN_BLOCK_CAPTURE_AUTORELEASING = YES;
				CLANG_WARN_BOOL_CONVERSION = YES;
				CLANG_WARN_COMMA = YES;
				CLANG_WARN_CONSTANT_CONVERSION = YES;
				CLANG_WARN_DEPRECATED_OBJC_IMPLEMENTATIONS = YES;
				CLANG_WARN_DIRECT_OBJC_ISA_USAGE = YES_ERROR;
				CLANG_WARN_DOCUMENTATION_COMMENTS = YES;
				CLANG_WARN_EMPTY_BODY = YES;
				CLANG_WARN_ENUM_CONVERSION = YES;
				CLANG_WARN_INFINITE_RECURSION = YES;
				CLANG_WARN_INT_CONVERSION = YES;
				CLANG_WARN_NON_LITERAL_NULL_CONVERSION = YES;
				CLANG_WARN_OBJC_IMPLICIT_RETAIN_SELF = YES;
				CLANG_WARN_OBJC_LITERAL_CONVERSION = YES;
				CLANG_WARN_OBJC_ROOT_CLASS = YES_ERROR;
				CLANG_WARN_QUOTED_INCLUDE_IN_FRAMEWORK_HEADER = YES;
				CLANG_WARN_RANGE_LOOP_ANALYSIS = YES;
				CLANG_WARN_STRICT_PROTOTYPES = YES;
				CLANG_WARN_SUSPICIOUS_MOVE = YES;
				CLANG_WARN_UNGUARDED_AVAILABILITY = YES_AGGRESSIVE;
				CLANG_WARN_UNREACHABLE_CODE = YES;
				CLANG_WARN__DUPLICATE_METHOD_MATCH = YES;
				COPY_PHASE_STRIP = NO;
				DEBUG_INFORMATION_FORMAT = "dwarf-with-dsym";
				ENABLE_NS_ASSERTIONS = NO;
				ENABLE_STRICT_OBJC_MSGSEND = YES;
				ENABLE_USER_SCRIPT_SANDBOXING = YES;
				GCC_C_LANGUAGE_STANDARD = gnu17;
				GCC_NO_COMMON_BLOCKS = YES;
				GCC_WARN_64_TO_32_BIT_CONVERSION = YES;
				GCC_WARN_ABOUT_RETURN_TYPE = YES_ERROR;
				GCC_WARN_UNDECLARED_SELECTOR = YES;
				GCC_WARN_UNINITIALIZED_AUTOS = YES_AGGRESSIVE;
				GCC_WARN_UNUSED_FUNCTION = YES;
				GCC_WARN_UNUSED_VARIABLE = YES;
				LOCALIZATION_PREFERS_STRING_CATALOGS = YES;
				MACOSX_DEPLOYMENT_TARGET = 15.7;
				MTL_ENABLE_DEBUG_INFO = NO;
				MTL_FAST_MATH = YES;
				SDKROOT = macosx;
				SWIFT_COMPILATION_MODE = wholemodule;
			};
			name = Release;
		};
		27210C9A2F188804002E1091 /* Debug */ = {
			isa = XCBuildConfiguration;
			buildSettings = {
				ASSETCATALOG_COMPILER_APPICON_NAME = AppIcon;
				ASSETCATALOG_COMPILER_GLOBAL_ACCENT_COLOR_NAME = AccentColor;
				ASSETCATALOG_COMPILER_INCLUDE_ALL_APPICON_ASSETS = YES;
				CODE_SIGN_IDENTITY = "Apple Development";
				CODE_SIGN_STYLE = Automatic;
				CURRENT_PROJECT_VERSION = 3;
				DEVELOPMENT_TEAM = K2QRVQY6XP;
				ENABLE_APP_SANDBOX = YES;
				ENABLE_PREVIEWS = YES;
				ENABLE_USER_SELECTED_FILES = readonly;
				GENERATE_INFOPLIST_FILE = YES;
				INFOPLIST_FILE = "EYEVO-Info.plist";
				INFOPLIST_KEY_CFBundleDisplayName = EYEVO;
				INFOPLIST_KEY_NSHumanReadableCopyright = "";
				LD_RUNPATH_SEARCH_PATHS = (
					"$(inherited)",
					"@executable_path/../Frameworks",
				);
				MARKETING_VERSION = 2.0;
				PRODUCT_BUNDLE_IDENTIFIER = "Krishnam-Nimmala.EYEVO";
				PRODUCT_NAME = "$(TARGET_NAME)";
				PROVISIONING_PROFILE_SPECIFIER = "";
				REGISTER_APP_GROUPS = YES;
				STRING_CATALOG_GENERATE_SYMBOLS = YES;
				SUPPORTED_PLATFORMS = "iphoneos iphonesimulator";
				SUPPORTS_MACCATALYST = NO;
				SWIFT_APPROACHABLE_CONCURRENCY = YES;
				SWIFT_DEFAULT_ACTOR_ISOLATION = MainActor;
				SWIFT_EMIT_LOC_STRINGS = YES;
				SWIFT_UPCOMING_FEATURE_MEMBER_IMPORT_VISIBILITY = YES;
				SWIFT_VERSION = 5.0;
				TARGETED_DEVICE_FAMILY = 1;
			};
			name = Debug;
		};
		27210C9B2F188804002E1091 /* Release */ = {
			isa = XCBuildConfiguration;
			buildSettings = {
				ASSETCATALOG_COMPILER_APPICON_NAME = AppIcon;
				ASSETCATALOG_COMPILER_GLOBAL_ACCENT_COLOR_NAME = AccentColor;
				ASSETCATALOG_COMPILER_INCLUDE_ALL_APPICON_ASSETS = YES;
				CODE_SIGN_IDENTITY = "Apple Development";
				CODE_SIGN_STYLE = Automatic;
				CURRENT_PROJECT_VERSION = 3;
				DEVELOPMENT_TEAM = K2QRVQY6XP;
				ENABLE_APP_SANDBOX = YES;
				ENABLE_PREVIEWS = YES;
				ENABLE_USER_SELECTED_FILES = readonly;
				GENERATE_INFOPLIST_FILE = YES;
				INFOPLIST_FILE = "EYEVO-Info.plist";
				INFOPLIST_KEY_CFBundleDisplayName = EYEVO;
				INFOPLIST_KEY_NSHumanReadableCopyright = "";
				LD_RUNPATH_SEARCH_PATHS = (
					"$(inherited)",
					"@executable_path/../Frameworks",
				);
				MARKETING_VERSION = 2.0;
				PRODUCT_BUNDLE_IDENTIFIER = "Krishnam-Nimmala.EYEVO";
				PRODUCT_NAME = "$(TARGET_NAME)";
				PROVISIONING_PROFILE_SPECIFIER = "";
				REGISTER_APP_GROUPS = YES;
				STRING_CATALOG_GENERATE_SYMBOLS = YES;
				SUPPORTED_PLATFORMS = "iphoneos iphonesimulator";
				SUPPORTS_MACCATALYST = NO;
				SWIFT_APPROACHABLE_CONCURRENCY = YES;
				SWIFT_DEFAULT_ACTOR_ISOLATION = MainActor;
				SWIFT_EMIT_LOC_STRINGS = YES;
				SWIFT_UPCOMING_FEATURE_MEMBER_IMPORT_VISIBILITY = YES;
				SWIFT_VERSION = 5.0;
				TARGETED_DEVICE_FAMILY = 1;
			};
			name = Release;
		};
/* End XCBuildConfiguration section */

/* Begin XCConfigurationList section */
		27210C892F1887FC002E1091 /* Build configuration list for PBXProject "EYEVO" */ = {
			isa = XCConfigurationList;
			buildConfigurations = (
				27210C972F188804002E1091 /* Debug */,
				27210C982F188804002E1091 /* Release */,
			);
			defaultConfigurationIsVisible = 0;
			defaultConfigurationName = Release;
		};
		27210C992F188804002E1091 /* Build configuration list for PBXNativeTarget "EYEVO" */ = {
			isa = XCConfigurationList;
			buildConfigurations = (
				27210C9A2F188804002E1091 /* Debug */,
				27210C9B2F188804002E1091 /* Release */,
			);
			defaultConfigurationIsVisible = 0;
			defaultConfigurationName = Release;
		};
/* End XCConfigurationList section */
	};
	rootObject = 27210C862F1887FC002E1091 /* Project object */;
}
